
Microsoft Visual Studio Solution File, Format Version 12.00
# Visual Studio 15
VisualStudioVersion = 15.0.27428.2005
MinimumVisualStudioVersion = 10.0.40219.1
Project("{FAE04EC0-301F-11D3-BF4B-00C04F79EFBC}") = "ManagerTaskService", "ManagerTaskService\ManagerTaskService.csproj", "{B20EBA7E-F04D-4444-8E14-69B31999732B}"
EndProject
Project("{FAE04EC0-301F-11D3-BF4B-00C04F79EFBC}") = "ManagerTaskService.Tests", "ManagerTaskService.Tests\ManagerTaskService.Tests.csproj", "{297A26A1-09C1-4F1F-A609-CD000CF90A01}"
EndProject
Project("{FAE04EC0-301F-11D3-BF4B-00C04F79EFBC}") = "ManagerTask.Data", "ManagerTask.Data\ManagerTask.Data.csproj", "{E18CD83A-FB5C-44F3-8419-124BDB5D3BA8}"
EndProject
Global
	GlobalSection(SolutionConfigurationPlatforms) = preSolution
		Debug|Any CPU = Debug|Any CPU
		Release|Any CPU = Release|Any CPU
	EndGlobalSection
	GlobalSection(ProjectConfigurationPlatforms) = postSolution
		{B20EBA7E-F04D-4444-8E14-69B31999732B}.Debug|Any CPU.ActiveCfg = Debug|Any CPU
		{B20EBA7E-F04D-4444-8E14-69B31999732B}.Debug|Any CPU.Build.0 = Debug|Any CPU
		{B20EBA7E-F04D-4444-8E14-69B31999732B}.Release|Any CPU.ActiveCfg = Release|Any CPU
		{B20EBA7E-F04D-4444-8E14-69B31999732B}.Release|Any CPU.Build.0 = Release|Any CPU
		{297A26A1-09C1-4F1F-A609-CD000CF90A01}.Debug|Any CPU.ActiveCfg = Debug|Any CPU
		{297A26A1-09C1-4F1F-A609-CD000CF90A01}.Debug|Any CPU.Build.0 = Debug|Any CPU
		{297A26A1-09C1-4F1F-A609-CD000CF90A01}.Release|Any CPU.ActiveCfg = Release|Any CPU
		{297A26A1-09C1-4F1F-A609-CD000CF90A01}.Release|Any CPU.Build.0 = Release|Any CPU
		{E18CD83A-FB5C-44F3-8419-124BDB5D3BA8}.Debug|Any CPU.ActiveCfg = Debug|Any CPU
		{E18CD83A-FB5C-44F3-8419-124BDB5D3BA8}.Debug|Any CPU.Build.0 = Debug|Any CPU
		{E18CD83A-FB5C-44F3-8419-124BDB5D3BA8}.Release|Any CPU.ActiveCfg = Release|Any CPU
		{E18CD83A-FB5C-44F3-8419-124BDB5D3BA8}.Release|Any CPU.Build.0 = Release|Any CPU
	EndGlobalSection
	GlobalSection(SolutionProperties) = preSolution
		HideSolutionNode = FALSE
	EndGlobalSection
	GlobalSection(ExtensibilityGlobals) = postSolution
		SolutionGuid = {74F608CE-0FED-4A87-B163-3C8598F9D067}
	EndGlobalSection
EndGlobal
